{
    "_readme": [
        "This file locks the dependencies of your project to a known state",
        "Read more about it at https://getcomposer.org/doc/01-basic-usage.md#installing-dependencies",
        "This file is @generated automatically"
    ],
    "content-hash": "aa275d1f6d668a95e33698a844008b5f",
    "packages": [
        {
            "name": "bigbluebutton/bigbluebutton-api-php",
            "version": "3.0.0",
            "source": {
                "type": "git",
                "url": "https://github.com/bigbluebutton/bigbluebutton-api-php.git",
                "reference": "7152515e23c82e4414f517934e25a18a6b373d81"
            },
            "dist": {
                "type": "zip",
                "url": "https://api.github.com/repos/bigbluebutton/bigbluebutton-api-php/zipball/7152515e23c82e4414f517934e25a18a6b373d81",
                "reference": "7152515e23c82e4414f517934e25a18a6b373d81",
                "shasum": ""
            },
            "require": {
                "ext-curl": "*",
                "ext-json": "*",
                "ext-mbstring": "*",
                "ext-simplexml": "*",
                "php": ">=8.2"
            },
            "require-dev": {
                "bmitch/churn-php": "^1.7",
                "captainhook/captainhook": "^5.23",
                "captainhook/hook-installer": "^1.0",
                "fakerphp/faker": "^1.23",
                "friendsofphp/php-cs-fixer": "^3.54",
                "nunomaduro/phpinsights": "^2.11",
                "nyholm/psr7": "^1.8",
                "php-http/curl-client": "^2.4",
                "phpstan/phpstan": "^1.10",
                "phpunit/php-code-coverage": "^10.1",
                "phpunit/phpunit": "^10.5",
                "psr/http-client": "^1.0",
                "psr/http-factory": "^1.1",
                "squizlabs/php_codesniffer": "^3.9",
                "vlucas/phpdotenv": "^5.6",
                "wapmorgan/php-deprecation-detector": "^2.0"
            },
            "suggest": {
                "psr/http-client": "To inject your own PSR-18 http client via BigBlueButton::createWithHttpClient()",
                "psr/http-factory": "To inject your own PSR-17 factories via BigBlueButton::createWithHttpClient()"
            },
            "type": "library",
            "autoload": {
                "psr-4": {
                    "BigBlueButton\\": "src"
                }
            },
            "notification-url": "https://packagist.org/downloads/",
            "license": [
                "LGPL-3.0-or-later"
            ],
            "authors": [
                {
                    "name": "Ghazi Triki",
                    "email": "ghazi.triki@riadvice.tn",
                    "role": "Developer"
                },
                {
                    "name": "Tim Korn",
                    "email": "korn@aufKurs.de",
                    "role": "Developer"
                }
            ],
            "description": "BigBlueButton PHP API Library for PHP",
            "homepage": "https://bigbluebutton.org/",
            "keywords": [
                "api",
                "bbb",
                "bigbluebutton"
            ],
            "support": {
                "issues": "https://github.com/bigbluebutton/bigbluebutton-api-php/issues",
                "source": "https://github.com/bigbluebutton/bigbluebutton-api-php/tree/3.0.0"
            },
            "time": "2026-08-19T17:21:49+00:00"
        }
    ],
    "packages-dev": [],
    "aliases": [],
    "minimum-stability": "stable",
    "stability-flags": {},
    "prefer-stable": false,
    "prefer-lowest": false,
    "platform": {
        "php": ">=8.2"
    },
    "platform-dev": {},
    "plugin-api-version": "2.6.0"
}
